<?xml version="1.0" encoding="utf-8"?>
<Project ToolsVersion="4.0" xmlns="http://schemas.microsoft.com/developer/msbuild/2003">
  <ItemGroup>
    <Filter Include="Graphics">
      <UniqueIdentifier>{1653CE33-0220-293F-2B39-17E717655ECD}</UniqueIdentifier>
    </Filter>
    <Filter Include="Math">
      <UniqueIdentifier>{AFF4887C-9B2B-8A0D-4418-7010302E060F}</UniqueIdentifier>
    </Filter>
    <Filter Include="Scene">
      <UniqueIdentifier>{B3F7140E-1F0C-3DBF-E88D-E01E546139F0}</UniqueIdentifier>
    </Filter>
    <Filter Include="System">
      <UniqueIdentifier>{6AD049D2-5672-74A8-3F2D-88FC2B6EFBF8}</UniqueIdentifier>
    </Filter>
    <Filter Include="System\Graphics">
      <UniqueIdentifier>{EAAFA7D1-563B-1596-5F4C-988ACB567196}</UniqueIdentifier>
    </Filter>
    <Filter Include="Util">
      <UniqueIdentifier>{23A78D7C-0FDE-8E0D-B8CA-7410A4E00A0F}</UniqueIdentifier>
    </Filter>
    <Filter Include="Window">
      <UniqueIdentifier>{3DEA79DA-298C-A4B0-1247-B804FE872B01}</UniqueIdentifier>
    </Filter>
  </ItemGroup>
  <ItemGroup>
    <ClInclude Include="src\Animation.h" />
    <ClInclude Include="src\Application.h" />
    <ClInclude Include="src\AssimpGLMHelpers.h" />
    <ClInclude Include="src\Components.h" />
    <ClInclude Include="src\File.h" />
    <ClInclude Include="src\GraphicData.h" />
    <ClInclude Include="src\Graphics\DebugRenderer.h">
      <Filter>Graphics</Filter>
    </ClInclude>
    <ClInclude Include="src\Graphics\IndexBuffer.h">
      <Filter>Graphics</Filter>
    </ClInclude>
    <ClInclude Include="src\Graphics\MeshFactory.h">
      <Filter>Graphics</Filter>
    </ClInclude>
    <ClInclude Include="src\Graphics\Shader.h">
      <Filter>Graphics</Filter>
    </ClInclude>
    <ClInclude Include="src\Graphics\VertexArray.h">
      <Filter>Graphics</Filter>
    </ClInclude>
    <ClInclude Include="src\Graphics\VertexBuffer.h">
      <Filter>Graphics</Filter>
    </ClInclude>
    <ClInclude Include="src\Input.h" />
    <ClInclude Include="src\Math\DistanceTime.h">
      <Filter>Math</Filter>
    </ClInclude>
    <ClInclude Include="src\Math\SpaceCurve.h">
      <Filter>Math</Filter>
    </ClInclude>
    <ClInclude Include="src\Math\VQS.h">
      <Filter>Math</Filter>
    </ClInclude>
    <ClInclude Include="src\Mesh.h" />
    <ClInclude Include="src\Model.h" />
    <ClInclude Include="src\Parser.h" />
    <ClInclude Include="src\Scene\Scene.h">
      <Filter>Scene</Filter>
    </ClInclude>
    <ClInclude Include="src\System\CurveSystem.h">
      <Filter>System</Filter>
    </ClInclude>
    <ClInclude Include="src\System\Demo.h">
      <Filter>System</Filter>
    </ClInclude>
    <ClInclude Include="src\System\Graphics\AnimationSystem.h">
      <Filter>System\Graphics</Filter>
    </ClInclude>
    <ClInclude Include="src\System\Graphics\SceneCamera.h">
      <Filter>System\Graphics</Filter>
    </ClInclude>
    <ClInclude Include="src\System\Graphics\SceneRenderer.h">
      <Filter>System\Graphics</Filter>
    </ClInclude>
    <ClInclude Include="src\System\Graphics\SceneViewer.h">
      <Filter>System\Graphics</Filter>
    </ClInclude>
    <ClInclude Include="src\System\System.h">
      <Filter>System</Filter>
    </ClInclude>
    <ClInclude Include="src\System\TransformSystem.h">
      <Filter>System</Filter>
    </ClInclude>
    <ClInclude Include="src\Util\Math.h">
      <Filter>Util</Filter>
    </ClInclude>
    <ClInclude Include="src\Window\GLFW.h">
      <Filter>Window</Filter>
    </ClInclude>
    <ClInclude Include="src\Window\Window.h">
      <Filter>Window</Filter>
    </ClInclude>
    <ClInclude Include="src\System\IKSystem.h" />
    <ClInclude Include="src\Util\EntityUtil.h" />
  </ItemGroup>
  <ItemGroup>
    <ClCompile Include="src\Application.cpp" />
    <ClCompile Include="src\File.cpp" />
    <ClCompile Include="src\Graphics\DebugRenderer.cpp">
      <Filter>Graphics</Filter>
    </ClCompile>
    <ClCompile Include="src\Graphics\IndexBuffer.cpp">
      <Filter>Graphics</Filter>
    </ClCompile>
    <ClCompile Include="src\Graphics\MeshFactory.cpp">
      <Filter>Graphics</Filter>
    </ClCompile>
    <ClCompile Include="src\Graphics\Shader.cpp">
      <Filter>Graphics</Filter>
    </ClCompile>
    <ClCompile Include="src\Graphics\VertexArray.cpp">
      <Filter>Graphics</Filter>
    </ClCompile>
    <ClCompile Include="src\Graphics\VertexBuffer.cpp">
      <Filter>Graphics</Filter>
    </ClCompile>
    <ClCompile Include="src\ImguiImpl.cpp" />
    <ClCompile Include="src\Input.cpp" />
    <ClCompile Include="src\Math\DistanceTime.cpp">
      <Filter>Math</Filter>
    </ClCompile>
    <ClCompile Include="src\Math\SpaceCurve.cpp">
      <Filter>Math</Filter>
    </ClCompile>
    <ClCompile Include="src\Math\VQS.cpp">
      <Filter>Math</Filter>
    </ClCompile>
    <ClCompile Include="src\Mesh.cpp" />
    <ClCompile Include="src\Parser.cpp" />
    <ClCompile Include="src\StbImpl.cpp" />
    <ClCompile Include="src\System\CurveSystem.cpp">
      <Filter>System</Filter>
    </ClCompile>
    <ClCompile Include="src\System\Demo.cpp">
      <Filter>System</Filter>
    </ClCompile>
    <ClCompile Include="src\System\Graphics\AnimationSystem.cpp">
      <Filter>System\Graphics</Filter>
    </ClCompile>
    <ClCompile Include="src\System\Graphics\SceneCamera.cpp">
      <Filter>System\Graphics</Filter>
    </ClCompile>
    <ClCompile Include="src\System\Graphics\SceneRenderer.cpp">
      <Filter>System\Graphics</Filter>
    </ClCompile>
    <ClCompile Include="src\System\Graphics\SceneViewer.cpp">
      <Filter>System\Graphics</Filter>
    </ClCompile>
    <ClCompile Include="src\System\TransformSystem.cpp">
      <Filter>System</Filter>
    </ClCompile>
    <ClCompile Include="src\Util\Math.cpp">
      <Filter>Util</Filter>
    </ClCompile>
    <ClCompile Include="src\Window\GLFW.cpp">
      <Filter>Window</Filter>
    </ClCompile>
    <ClCompile Include="src\Window\Window.cpp">
      <Filter>Window</Filter>
    </ClCompile>
    <ClCompile Include="src\System\IKSystem.cpp" />
    <ClCompile Include="src\Util\EntityUtil.cpp" />
  </ItemGroup>
</Project>